// !$*UTF8*$!
{
	archiveVersion = 1;
	classes = {
	};
	objectVersion = 51;
	objects = {

/* Begin PBXBuildFile section */
		A14E1ECB8647C65D7C5F5D79 /* Pods_Todoey.framework in Frameworks */ = {isa = PBXBuildFile; fileRef = 82A4EE4A2AD835914127D38C /* Pods_Todoey.framework */; };
		E20813B422F17A1100636F49 /* CategoryViewController.swift in Sources */ = {isa = PBXBuildFile; fileRef = E20813B322F17A1100636F49 /* CategoryViewController.swift */; };
		E219BAA922F1C9E900D9943C /* Category.swift in Sources */ = {isa = PBXBuildFile; fileRef = E219BAA822F1C9E900D9943C /* Category.swift */; };
		E219BAAB22F3045400D9943C /* SwipeTableViewController.swift in Sources */ = {isa = PBXBuildFile; fileRef = E219BAAA22F3045400D9943C /* SwipeTableViewController.swift */; };
		E236AF4422F034D2000469D8 /* Item.swift in Sources */ = {isa = PBXBuildFile; fileRef = E236AF4322F034D2000469D8 /* Item.swift */; };
		E244F93F22EF00DF00BD850C /* AppDelegate.swift in Sources */ = {isa = PBXBuildFile; fileRef = E244F93E22EF00DF00BD850C /* AppDelegate.swift */; };
		E244F94122EF00DF00BD850C /* TodoListViewController.swift in Sources */ = {isa = PBXBuildFile; fileRef = E244F94022EF00DF00BD850C /* TodoListViewController.swift */; };
		E244F94422EF00DF00BD850C /* Main.storyboard in Resources */ = {isa = PBXBuildFile; fileRef = E244F94222EF00DF00BD850C /* Main.storyboard */; };
		E244F94622EF00E000BD850C /* Assets.xcassets in Resources */ = {isa = PBXBuildFile; fileRef = E244F94522EF00E000BD850C /* Assets.xcassets */; };
		E244F94922EF00E000BD850C /* LaunchScreen.storyboard in Resources */ = {isa = PBXBuildFile; fileRef = E244F94722EF00E000BD850C /* LaunchScreen.storyboard */; };
/* End PBXBuildFile section */

/* Begin PBXFileReference section */
		131B3424C8F3F56DF7A6420E /* Pods-Todoey.release.xcconfig */ = {isa = PBXFileReference; includeInIndex = 1; lastKnownFileType = text.xcconfig; name = "Pods-Todoey.release.xcconfig"; path = "Target Support Files/Pods-Todoey/Pods-Todoey.release.xcconfig"; sourceTree = "<group>"; };
		59D39A00F36F37A2270DB52D /* Pods-Todoey.debug.xcconfig */ = {isa = PBXFileReference; includeInIndex = 1; lastKnownFileType = text.xcconfig; name = "Pods-Todoey.debug.xcconfig"; path = "Target Support Files/Pods-Todoey/Pods-Todoey.debug.xcconfig"; sourceTree = "<group>"; };
		82A4EE4A2AD835914127D38C /* Pods_Todoey.framework */ = {isa = PBXFileReference; explicitFileType = wrapper.framework; includeInIndex = 0; path = Pods_Todoey.framework; sourceTree = BUILT_PRODUCTS_DIR; };
		E20813B322F17A1100636F49 /* CategoryViewController.swift */ = {isa = PBXFileReference; lastKnownFileType = sourcecode.swift; path = CategoryViewController.swift; sourceTree = "<group>"; };
		E219BAA822F1C9E900D9943C /* Category.swift */ = {isa = PBXFileReference; lastKnownFileType = sourcecode.swift; path = Category.swift; sourceTree = "<group>"; };
		E219BAAA22F3045400D9943C /* SwipeTableViewController.swift */ = {isa = PBXFileReference; lastKnownFileType = sourcecode.swift; path = SwipeTableViewController.swift; sourceTree = "<group>"; };
		E236AF4322F034D2000469D8 /* Item.swift */ = {isa = PBXFileReference; lastKnownFileType = sourcecode.swift; path = Item.swift; sourceTree = "<group>"; };
		E244F93B22EF00DF00BD850C /* Todoey.app */ = {isa = PBXFileReference; explicitFileType = wrapper.application; includeInIndex = 0; path = Todoey.app; sourceTree = BUILT_PRODUCTS_DIR; };
		E244F93E22EF00DF00BD850C /* AppDelegate.swift */ = {isa = PBXFileReference; lastKnownFileType = sourcecode.swift; path = AppDelegate.swift; sourceTree = "<group>"; };
		E244F94022EF00DF00BD850C /* TodoListViewController.swift */ = {isa = PBXFileReference; lastKnownFileType = sourcecode.swift; path = TodoListViewController.swift; sourceTree = "<group>"; };
		E244F94322EF00DF00BD850C /* Base */ = {isa = PBXFileReference; lastKnownFileType = file.storyboard; name = Base; path = Base.lproj/Main.storyboard; sourceTree = "<group>"; };
		E244F94522EF00E000BD850C /* Assets.xcassets */ = {isa = PBXFileReference; lastKnownFileType = folder.assetcatalog; path = Assets.xcassets; sourceTree = "<group>"; };
		E244F94822EF00E000BD850C /* Base */ = {isa = PBXFileReference; lastKnownFileType = file.storyboard; name = Base; path = Base.lproj/LaunchScreen.storyboard; sourceTree = "<group>"; };
		E244F94A22EF00E000BD850C /* Info.plist */ = {isa = PBXFileReference; lastKnownFileType = text.plist.xml; path = Info.plist; sourceTree = "<group>"; };
/* End PBXFileReference section */

/* Begin PBXFrameworksBuildPhase section */
		E244F93822EF00DF00BD850C /* Frameworks */ = {
			isa = PBXFrameworksBuildPhase;
			buildActionMask = 2147483647;
			files = (
				A14E1ECB8647C65D7C5F5D79 /* Pods_Todoey.framework in Frameworks */,
			);
			runOnlyForDeploymentPostprocessing = 0;
		};
/* End PBXFrameworksBuildPhase section */

/* Begin PBXGroup section */
		521FAEFDBE4568007D14030C /* Pods */ = {
			isa = PBXGroup;
			children = (
				59D39A00F36F37A2270DB52D /* Pods-Todoey.debug.xcconfig */,
				131B3424C8F3F56DF7A6420E /* Pods-Todoey.release.xcconfig */,
			);
			path = Pods;
			sourceTree = "<group>";
		};
		E236AF4522F0351A000469D8 /* Data Model */ = {
			isa = PBXGroup;
			children = (
				E219BAA822F1C9E900D9943C /* Category.swift */,
				E236AF4322F034D2000469D8 /* Item.swift */,
			);
			path = "Data Model";
			sourceTree = "<group>";
		};
		E236AF4622F03537000469D8 /* Controllers */ = {
			isa = PBXGroup;
			children = (
				E20813B322F17A1100636F49 /* CategoryViewController.swift */,
				E244F94022EF00DF00BD850C /* TodoListViewController.swift */,
				E219BAAA22F3045400D9943C /* SwipeTableViewController.swift */,
			);
			path = Controllers;
			sourceTree = "<group>";
		};
		E236AF4722F0355D000469D8 /* Views */ = {
			isa = PBXGroup;
			children = (
				E244F94222EF00DF00BD850C /* Main.storyboard */,
			);
			path = Views;
			sourceTree = "<group>";
		};
		E236AF4822F03594000469D8 /* Supporting Files */ = {
			isa = PBXGroup;
			children = (
				E244F94522EF00E000BD850C /* Assets.xcassets */,
				E244F94722EF00E000BD850C /* LaunchScreen.storyboard */,
			);
			path = "Supporting Files";
			sourceTree = "<group>";
		};
		E244F93222EF00DF00BD850C = {
			isa = PBXGroup;
			children = (
				E244F93D22EF00DF00BD850C /* Todoey */,
				E244F93C22EF00DF00BD850C /* Products */,
				521FAEFDBE4568007D14030C /* Pods */,
				EF1362728DD95DF09457EC13 /* Frameworks */,
			);
			sourceTree = "<group>";
		};
		E244F93C22EF00DF00BD850C /* Products */ = {
			isa = PBXGroup;
			children = (
				E244F93B22EF00DF00BD850C /* Todoey.app */,
			);
			name = Products;
			sourceTree = "<group>";
		};
		E244F93D22EF00DF00BD850C /* Todoey */ = {
			isa = PBXGroup;
			children = (
				E244F93E22EF00DF00BD850C /* AppDelegate.swift */,
				E236AF4622F03537000469D8 /* Controllers */,
				E236AF4722F0355D000469D8 /* Views */,
				E236AF4822F03594000469D8 /* Supporting Files */,
				E244F94A22EF00E000BD850C /* Info.plist */,
				E236AF4522F0351A000469D8 /* Data Model */,
			);
			path = Todoey;
			sourceTree = "<group>";
		};
		EF1362728DD95DF09457EC13 /* Frameworks */ = {
			isa = PBXGroup;
			children = (
				82A4EE4A2AD835914127D38C /* Pods_Todoey.framework */,
			);
			name = Frameworks;
			sourceTree = "<group>";
		};
/* End PBXGroup section */

/* Begin PBXNativeTarget section */
		E244F93A22EF00DF00BD850C /* Todoey */ = {
			isa = PBXNativeTarget;
			buildConfigurationList = E244F94D22EF00E000BD850C /* Build configuration list for PBXNativeTarget "Todoey" */;
			buildPhases = (
				149B4EE9BC543FEDF262C737 /* [CP] Check Pods Manifest.lock */,
				E244F93722EF00DF00BD850C /* Sources */,
				E244F93822EF00DF00BD850C /* Frameworks */,
				E244F93922EF00DF00BD850C /* Resources */,
				FC82150C6B5E458277E8A2E6 /* [CP] Embed Pods Frameworks */,
			);
			buildRules = (
			);
			dependencies = (
			);
			name = Todoey;
			productName = Todoey;
			productReference = E244F93B22EF00DF00BD850C /* Todoey.app */;
			productType = "com.apple.product-type.application";
		};
/* End PBXNativeTarget section */

/* Begin PBXProject section */
		E244F93322EF00DF00BD850C /* Project object */ = {
			isa = PBXProject;
			attributes = {
				LastSwiftUpdateCheck = 1020;
				LastUpgradeCheck = 1020;
				ORGANIZATIONNAME = "Tommi Rautava";
				TargetAttributes = {
					E244F93A22EF00DF00BD850C = {
						CreatedOnToolsVersion = 10.2.1;
					};
				};
			};
			buildConfigurationList = E244F93622EF00DF00BD850C /* Build configuration list for PBXProject "Todoey" */;
			compatibilityVersion = "Xcode 9.3";
			developmentRegion = en;
			hasScannedForEncodings = 0;
			knownRegions = (
				en,
				Base,
			);
			mainGroup = E244F93222EF00DF00BD850C;
			productRefGroup = E244F93C22EF00DF00BD850C /* Products */;
			projectDirPath = "";
			projectRoot = "";
			targets = (
				E244F93A22EF00DF00BD850C /* Todoey */,
			);
		};
/* End PBXProject section */

/* Begin PBXResourcesBuildPhase section */
		E244F93922EF00DF00BD850C /* Resources */ = {
			isa = PBXResourcesBuildPhase;
			buildActionMask = 2147483647;
			files = (
				E244F94922EF00E000BD850C /* LaunchScreen.storyboard in Resources */,
				E244F94622EF00E000BD850C /* Assets.xcassets in Resources */,
				E244F94422EF00DF00BD850C /* Main.storyboard in Resources */,
			);
			runOnlyForDeploymentPostprocessing = 0;
		};
/* End PBXResourcesBuildPhase section */

/* Begin PBXShellScriptBuildPhase section */
		149B4EE9BC543FEDF262C737 /* [CP] Check Pods Manifest.lock */ = {
			isa = PBXShellScriptBuildPhase;
			buildActionMask = 2147483647;
			files = (
			);
			inputFileListPaths = (
			);
			inputPaths = (
				"${PODS_PODFILE_DIR_PATH}/Podfile.lock",
				"${PODS_ROOT}/Manifest.lock",
			);
			name = "[CP] Check Pods Manifest.lock";
			outputFileListPaths = (
			);
			outputPaths = (
				"$(DERIVED_FILE_DIR)/Pods-Todoey-checkManifestLockResult.txt",
			);
			runOnlyForDeploymentPostprocessing = 0;
			shellPath = /bin/sh;
			shellScript = "diff \"${PODS_PODFILE_DIR_PATH}/Podfile.lock\" \"${PODS_ROOT}/Manifest.lock\" > /dev/null\nif [ $? != 0 ] ; then\n    # print error to STDERR\n    echo \"error: The sandbox is not in sync with the Podfile.lock. Run 'pod install' or update your CocoaPods installation.\" >&2\n    exit 1\nfi\n# This output is used by Xcode 'outputs' to avoid re-running this script phase.\necho \"SUCCESS\" > \"${SCRIPT_OUTPUT_FILE_0}\"\n";
			showEnvVarsInLog = 0;
		};
		FC82150C6B5E458277E8A2E6 /* [CP] Embed Pods Frameworks */ = {
			isa = PBXShellScriptBuildPhase;
			buildActionMask = 2147483647;
			files = (
			);
			inputFileListPaths = (
				"${PODS_ROOT}/Target Support Files/Pods-Todoey/Pods-Todoey-frameworks-${CONFIGURATION}-input-files.xcfilelist",
			);
			name = "[CP] Embed Pods Frameworks";
			outputFileListPaths = (
				"${PODS_ROOT}/Target Support Files/Pods-Todoey/Pods-Todoey-frameworks-${CONFIGURATION}-output-files.xcfilelist",
			);
			runOnlyForDeploymentPostprocessing = 0;
			shellPath = /bin/sh;
			shellScript = "\"${PODS_ROOT}/Target Support Files/Pods-Todoey/Pods-Todoey-frameworks.sh\"\n";
			showEnvVarsInLog = 0;
		};
/* End PBXShellScriptBuildPhase section */

/* Begin PBXSourcesBuildPhase section */
		E244F93722EF00DF00BD850C /* Sources */ = {
			isa = PBXSourcesBuildPhase;
			buildActionMask = 2147483647;
			files = (
				E244F94122EF00DF00BD850C /* TodoListViewController.swift in Sources */,
				E236AF4422F034D2000469D8 /* Item.swift in Sources */,
				E20813B422F17A1100636F49 /* CategoryViewController.swift in Sources */,
				E244F93F22EF00DF00BD850C /* AppDelegate.swift in Sources */,
				E219BAAB22F3045400D9943C /* SwipeTableViewController.swift in Sources */,
				E219BAA922F1C9E900D9943C /* Category.swift in Sources */,
			);
			runOnlyForDeploymentPostprocessing = 0;
		};
/* End PBXSourcesBuildPhase section */

/* Begin PBXVariantGroup section */
		E244F94222EF00DF00BD850C /* Main.storyboard */ = {
			isa = PBXVariantGroup;
			children = (
				E244F94322EF00DF00BD850C /* Base */,
			);
			name = Main.storyboard;
			sourceTree = "<group>";
		};
		E244F94722EF00E000BD850C /* LaunchScreen.storyboard */ = {
			isa = PBXVariantGroup;
			children = (
				E244F94822EF00E000BD850C /* Base */,
			);
			name = LaunchScreen.storyboard;
			sourceTree = "<group>";
		};
/* End PBXVariantGroup section */

/* Begin XCBuildConfiguration section */
		E244F94B22EF00E000BD850C /* Debug */ = {
			isa = XCBuildConfiguration;
			buildSettings = {
				ALWAYS_SEARCH_USER_PATHS = NO;
				CLANG_ANALYZER_NONNULL = YES;
				CLANG_ANALYZER_NUMBER_OBJECT_CONVERSION = YES_AGGRESSIVE;
				CLANG_CXX_LANGUAGE_STANDARD = "gnu++14";
				CLANG_CXX_LIBRARY = "libc++";
				CLANG_ENABLE_MODULES = YES;
				CLANG_ENABLE_OBJC_ARC = YES;
				CLANG_ENABLE_OBJC_WEAK = YES;
				CLANG_WARN_BLOCK_CAPTURE_AUTORELEASING = YES;
				CLANG_WARN_BOOL_CONVERSION = YES;
				CLANG_WARN_COMMA = YES;
				CLANG_WARN_CONSTANT_CONVERSION = YES;
				CLANG_WARN_DEPRECATED_OBJC_IMPLEMENTATIONS = YES;
				CLANG_WARN_DIRECT_OBJC_ISA_USAGE = YES_ERROR;
				CLANG_WARN_DOCUMENTATION_COMMENTS = YES;
				CLANG_WARN_EMPTY_BODY = YES;
				CLANG_WARN_ENUM_CONVERSION = YES;
				CLANG_WARN_INFINITE_RECURSION = YES;
				CLANG_WARN_INT_CONVERSION = YES;
				CLANG_WARN_NON_LITERAL_NULL_CONVERSION = YES;
				CLANG_WARN_OBJC_IMPLICIT_RETAIN_SELF = YES;
				CLANG_WARN_OBJC_LITERAL_CONVERSION = YES;
				CLANG_WARN_OBJC_ROOT_CLASS = YES_ERROR;
				CLANG_WARN_RANGE_LOOP_ANALYSIS = YES;
				CLANG_WARN_STRICT_PROTOTYPES = YES;
				CLANG_WARN_SUSPICIOUS_MOVE = YES;
				CLANG_WARN_UNGUARDED_AVAILABILITY = YES_AGGRESSIVE;
				CLANG_WARN_UNREACHABLE_CODE = YES;
				CLANG_WARN__DUPLICATE_METHOD_MATCH = YES;
				CODE_SIGN_IDENTITY = "iPhone Developer";
				COPY_PHASE_STRIP = NO;
				DEBUG_INFORMATION_FORMAT = dwarf;
				ENABLE_STRICT_OBJC_MSGSEND = YES;
				ENABLE_TESTABILITY = YES;
				GCC_C_LANGUAGE_STANDARD = gnu11;
				GCC_DYNAMIC_NO_PIC = NO;
				GCC_NO_COMMON_BLOCKS = YES;
				GCC_OPTIMIZATION_LEVEL = 0;
				GCC_PREPROCESSOR_DEFINITIONS = (
					"DEBUG=1",
					"$(inherited)",
				);
				GCC_WARN_64_TO_32_BIT_CONVERSION = YES;
				GCC_WARN_ABOUT_RETURN_TYPE = YES_ERROR;
				GCC_WARN_UNDECLARED_SELECTOR = YES;
				GCC_WARN_UNINITIALIZED_AUTOS = YES_AGGRESSIVE;
				GCC_WARN_UNUSED_FUNCTION = YES;
				GCC_WARN_UNUSED_VARIABLE = YES;
				IPHONEOS_DEPLOYMENT_TARGET = 12.2;
				MTL_ENABLE_DEBUG_INFO = INCLUDE_SOURCE;
				MTL_FAST_MATH = YES;
				ONLY_ACTIVE_ARCH = YES;
				SDKROOT = iphoneos;
				SWIFT_ACTIVE_COMPILATION_CONDITIONS = DEBUG;
				SWIFT_OPTIMIZATION_LEVEL = "-Onone";
			};
			name = Debug;
		};
		E244F94C22EF00E000BD850C /* Release */ = {
			isa = XCBuildConfiguration;
			buildSettings = {
				ALWAYS_SEARCH_USER_PATHS = NO;
				CLANG_ANALYZER_NONNULL = YES;
				CLANG_ANALYZER_NUMBER_OBJECT_CONVERSION = YES_AGGRESSIVE;
				CLANG_CXX_LANGUAGE_STANDARD = "gnu++14";
				CLANG_CXX_LIBRARY = "libc++";
				CLANG_ENABLE_MODULES = YES;
				CLANG_ENABLE_OBJC_ARC = YES;
				CLANG_ENABLE_OBJC_WEAK = YES;
				CLANG_WARN_BLOCK_CAPTURE_AUTORELEASING = YES;
				CLANG_WARN_BOOL_CONVERSION = YES;
				CLANG_WARN_COMMA = YES;
				CLANG_WARN_CONSTANT_CONVERSION = YES;
				CLANG_WARN_DEPRECATED_OBJC_IMPLEMENTATIONS = YES;
				CLANG_WARN_DIRECT_OBJC_ISA_USAGE = YES_ERROR;
				CLANG_WARN_DOCUMENTATION_COMMENTS = YES;
				CLANG_WARN_EMPTY_BODY = YES;
				CLANG_WARN_ENUM_CONVERSION = YES;
				CLANG_WARN_INFINITE_RECURSION = YES;
				CLANG_WARN_INT_CONVERSION = YES;
				CLANG_WARN_NON_LITERAL_NULL_CONVERSION = YES;
				CLANG_WARN_OBJC_IMPLICIT_RETAIN_SELF = YES;
				CLANG_WARN_OBJC_LITERAL_CONVERSION = YES;
				CLANG_WARN_OBJC_ROOT_CLASS = YES_ERROR;
				CLANG_WARN_RANGE_LOOP_ANALYSIS = YES;
				CLANG_WARN_STRICT_PROTOTYPES = YES;
				CLANG_WARN_SUSPICIOUS_MOVE = YES;
				CLANG_WARN_UNGUARDED_AVAILABILITY = YES_AGGRESSIVE;
				CLANG_WARN_UNREACHABLE_CODE = YES;
				CLANG_WARN__DUPLICATE_METHOD_MATCH = YES;
				CODE_SIGN_IDENTITY = "iPhone Developer";
				COPY_PHASE_STRIP = NO;
				DEBUG_INFORMATION_FORMAT = "dwarf-with-dsym";
				ENABLE_NS_ASSERTIONS = NO;
				ENABLE_STRICT_OBJC_MSGSEND = YES;
				GCC_C_LANGUAGE_STANDARD = gnu11;
				GCC_NO_COMMON_BLOCKS = YES;
				GCC_WARN_64_TO_32_BIT_CONVERSION = YES;
				GCC_WARN_ABOUT_RETURN_TYPE = YES_ERROR;
				GCC_WARN_UNDECLARED_SELECTOR = YES;
				GCC_WARN_UNINITIALIZED_AUTOS = YES_AGGRESSIVE;
				GCC_WARN_UNUSED_FUNCTION = YES;
				GCC_WARN_UNUSED_VARIABLE = YES;
				IPHONEOS_DEPLOYMENT_TARGET = 12.2;
				MTL_ENABLE_DEBUG_INFO = NO;
				MTL_FAST_MATH = YES;
				SDKROOT = iphoneos;
				SWIFT_COMPILATION_MODE = wholemodule;
				SWIFT_OPTIMIZATION_LEVEL = "-O";
				VALIDATE_PRODUCT = YES;
			};
			name = Release;
		};
		E244F94E22EF00E000BD850C /* Debug */ = {
			isa = XCBuildConfiguration;
			baseConfigurationReference = 59D39A00F36F37A2270DB52D /* Pods-Todoey.debug.xcconfig */;
			buildSettings = {
				ASSETCATALOG_COMPILER_APPICON_NAME = AppIcon;
				CODE_SIGN_STYLE = Automatic;
				DEVELOPMENT_TEAM = Q3X7S2H8NT;
				INFOPLIST_FILE = Todoey/Info.plist;
				IPHONEOS_DEPLOYMENT_TARGET = 12.4;
				LD_RUNPATH_SEARCH_PATHS = (
					"$(inherited)",
					"@executable_path/Frameworks",
				);
				PRODUCT_BUNDLE_IDENTIFIER = com.toutava.Todoey;
				PRODUCT_NAME = "$(TARGET_NAME)";
				SWIFT_VERSION = 5.0;
				TARGETED_DEVICE_FAMILY = 1;
			};
			name = Debug;
		};
		E244F94F22EF00E000BD850C /* Release */ = {
			isa = XCBuildConfiguration;
			baseConfigurationReference = 131B3424C8F3F56DF7A6420E /* Pods-Todoey.release.xcconfig */;
			buildSettings = {
				ASSETCATALOG_COMPILER_APPICON_NAME = AppIcon;
				CODE_SIGN_STYLE = Automatic;
				DEVELOPMENT_TEAM = Q3X7S2H8NT;
				INFOPLIST_FILE = Todoey/Info.plist;
				IPHONEOS_DEPLOYMENT_TARGET = 12.4;
				LD_RUNPATH_SEARCH_PATHS = (
					"$(inherited)",
					"@executable_path/Frameworks",
				);
				PRODUCT_BUNDLE_IDENTIFIER = com.toutava.Todoey;
				PRODUCT_NAME = "$(TARGET_NAME)";
				SWIFT_VERSION = 5.0;
				TARGETED_DEVICE_FAMILY = 1;
			};
			name = Release;
		};
/* End XCBuildConfiguration section */

/* Begin XCConfigurationList section */
		E244F93622EF00DF00BD850C /* Build configuration list for PBXProject "Todoey" */ = {
			isa = XCConfigurationList;
			buildConfigurations = (
				E244F94B22EF00E000BD850C /* Debug */,
				E244F94C22EF00E000BD850C /* Release */,
			);
			defaultConfigurationIsVisible = 0;
			defaultConfigurationName = Release;
		};
		E244F94D22EF00E000BD850C /* Build configuration list for PBXNativeTarget "Todoey" */ = {
			isa = XCConfigurationList;
			buildConfigurations = (
				E244F94E22EF00E000BD850C /* Debug */,
				E244F94F22EF00E000BD850C /* Release */,
			);
			defaultConfigurationIsVisible = 0;
			defaultConfigurationName = Release;
		};
/* End XCConfigurationList section */
	};
	rootObject = E244F93322EF00DF00BD850C /* Project object */;
}
